// !$*UTF8*$!
{
	archiveVersion = 1;
	classes = {
	};
	objectVersion = 50;
	objects = {

/* Begin PBXBuildFile section */
		D0C0C91423593FA200B0129B /* AppDelegate.swift in Sources */ = {isa = PBXBuildFile; fileRef = D0C0C91323593FA200B0129B /* AppDelegate.swift */; };
		D0C0C91623593FA200B0129B /* SceneDelegate.swift in Sources */ = {isa = PBXBuildFile; fileRef = D0C0C91523593FA200B0129B /* SceneDelegate.swift */; };
		D0C0C91823593FA200B0129B /* ViewController.swift in Sources */ = {isa = PBXBuildFile; fileRef = D0C0C91723593FA200B0129B /* ViewController.swift */; };
		D0C0C91B23593FA200B0129B /* Main.storyboard in Resources */ = {isa = PBXBuildFile; fileRef = D0C0C91923593FA200B0129B /* Main.storyboard */; };
		D0C0C91D23593FA300B0129B /* Assets.xcassets in Resources */ = {isa = PBXBuildFile; fileRef = D0C0C91C23593FA300B0129B /* Assets.xcassets */; };
		D0C0C92023593FA300B0129B /* LaunchScreen.storyboard in Resources */ = {isa = PBXBuildFile; fileRef = D0C0C91E23593FA300B0129B /* LaunchScreen.storyboard */; };
		D0C0C92B23593FA300B0129B /* WorstCalcTests.swift in Sources */ = {isa = PBXBuildFile; fileRef = D0C0C92A23593FA300B0129B /* WorstCalcTests.swift */; };
		D0C0C93623593FA300B0129B /* WorstCalcUITests.swift in Sources */ = {isa = PBXBuildFile; fileRef = D0C0C93523593FA300B0129B /* WorstCalcUITests.swift */; };
/* End PBXBuildFile section */

/* Begin PBXContainerItemProxy section */
		D0C0C92723593FA300B0129B /* PBXContainerItemProxy */ = {
			isa = PBXContainerItemProxy;
			containerPortal = D0C0C90823593FA200B0129B /* Project object */;
			proxyType = 1;
			remoteGlobalIDString = D0C0C90F23593FA200B0129B;
			remoteInfo = WorstCalc;
		};
		D0C0C93223593FA300B0129B /* PBXContainerItemProxy */ = {
			isa = PBXContainerItemProxy;
			containerPortal = D0C0C90823593FA200B0129B /* Project object */;
			proxyType = 1;
			remoteGlobalIDString = D0C0C90F23593FA200B0129B;
			remoteInfo = WorstCalc;
		};
/* End PBXContainerItemProxy section */

/* Begin PBXFileReference section */
		D0C0C91023593FA200B0129B /* WorstCalc.app */ = {isa = PBXFileReference; explicitFileType = wrapper.application; includeInIndex = 0; path = WorstCalc.app; sourceTree = BUILT_PRODUCTS_DIR; };
		D0C0C91323593FA200B0129B /* AppDelegate.swift */ = {isa = PBXFileReference; lastKnownFileType = sourcecode.swift; path = AppDelegate.swift; sourceTree = "<group>"; };
		D0C0C91523593FA200B0129B /* SceneDelegate.swift */ = {isa = PBXFileReference; lastKnownFileType = sourcecode.swift; path = SceneDelegate.swift; sourceTree = "<group>"; };
		D0C0C91723593FA200B0129B /* ViewController.swift */ = {isa = PBXFileReference; lastKnownFileType = sourcecode.swift; path = ViewController.swift; sourceTree = "<group>"; };
		D0C0C91A23593FA200B0129B /* Base */ = {isa = PBXFileReference; lastKnownFileType = file.storyboard; name = Base; path = Base.lproj/Main.storyboard; sourceTree = "<group>"; };
		D0C0C91C23593FA300B0129B /* Assets.xcassets */ = {isa = PBXFileReference; lastKnownFileType = folder.assetcatalog; path = Assets.xcassets; sourceTree = "<group>"; };
		D0C0C91F23593FA300B0129B /* Base */ = {isa = PBXFileReference; lastKnownFileType = file.storyboard; name = Base; path = Base.lproj/LaunchScreen.storyboard; sourceTree = "<group>"; };
		D0C0C92123593FA300B0129B /* Info.plist */ = {isa = PBXFileReference; lastKnownFileType = text.plist.xml; path = Info.plist; sourceTree = "<group>"; };
		D0C0C92623593FA300B0129B /* WorstCalcTests.xctest */ = {isa = PBXFileReference; explicitFileType = wrapper.cfbundle; includeInIndex = 0; path = WorstCalcTests.xctest; sourceTree = BUILT_PRODUCTS_DIR; };
		D0C0C92A23593FA300B0129B /* WorstCalcTests.swift */ = {isa = PBXFileReference; lastKnownFileType = sourcecode.swift; path = WorstCalcTests.swift; sourceTree = "<group>"; };
		D0C0C92C23593FA300B0129B /* Info.plist */ = {isa = PBXFileReference; lastKnownFileType = text.plist.xml; path = Info.plist; sourceTree = "<group>"; };
		D0C0C93123593FA300B0129B /* WorstCalcUITests.xctest */ = {isa = PBXFileReference; explicitFileType = wrapper.cfbundle; includeInIndex = 0; path = WorstCalcUITests.xctest; sourceTree = BUILT_PRODUCTS_DIR; };
		D0C0C93523593FA300B0129B /* WorstCalcUITests.swift */ = {isa = PBXFileReference; lastKnownFileType = sourcecode.swift; path = WorstCalcUITests.swift; sourceTree = "<group>"; };
		D0C0C93723593FA300B0129B /* Info.plist */ = {isa = PBXFileReference; lastKnownFileType = text.plist.xml; path = Info.plist; sourceTree = "<group>"; };
/* End PBXFileReference section */

/* Begin PBXFrameworksBuildPhase section */
		D0C0C90D23593FA200B0129B /* Frameworks */ = {
			isa = PBXFrameworksBuildPhase;
			buildActionMask = 2147483647;
			files = (
			);
			runOnlyForDeploymentPostprocessing = 0;
		};
		D0C0C92323593FA300B0129B /* Frameworks */ = {
			isa = PBXFrameworksBuildPhase;
			buildActionMask = 2147483647;
			files = (
			);
			runOnlyForDeploymentPostprocessing = 0;
		};
		D0C0C92E23593FA300B0129B /* Frameworks */ = {
			isa = PBXFrameworksBuildPhase;
			buildActionMask = 2147483647;
			files = (
			);
			runOnlyForDeploymentPostprocessing = 0;
		};
/* End PBXFrameworksBuildPhase section */

/* Begin PBXGroup section */
		D0C0C90723593FA200B0129B = {
			isa = PBXGroup;
			children = (
				D0C0C91223593FA200B0129B /* WorstCalc */,
				D0C0C92923593FA300B0129B /* WorstCalcTests */,
				D0C0C93423593FA300B0129B /* WorstCalcUITests */,
				D0C0C91123593FA200B0129B /* Products */,
			);
			sourceTree = "<group>";
		};
		D0C0C91123593FA200B0129B /* Products */ = {
			isa = PBXGroup;
			children = (
				D0C0C91023593FA200B0129B /* WorstCalc.app */,
				D0C0C92623593FA300B0129B /* WorstCalcTests.xctest */,
				D0C0C93123593FA300B0129B /* WorstCalcUITests.xctest */,
			);
			name = Products;
			sourceTree = "<group>";
		};
		D0C0C91223593FA200B0129B /* WorstCalc */ = {
			isa = PBXGroup;
			children = (
				D0C0C91323593FA200B0129B /* AppDelegate.swift */,
				D0C0C91523593FA200B0129B /* SceneDelegate.swift */,
				D0C0C91723593FA200B0129B /* ViewController.swift */,
				D0C0C91923593FA200B0129B /* Main.storyboard */,
				D0C0C91C23593FA300B0129B /* Assets.xcassets */,
				D0C0C91E23593FA300B0129B /* LaunchScreen.storyboard */,
				D0C0C92123593FA300B0129B /* Info.plist */,
			);
			path = WorstCalc;
			sourceTree = "<group>";
		};
		D0C0C92923593FA300B0129B /* WorstCalcTests */ = {
			isa = PBXGroup;
			children = (
				D0C0C92A23593FA300B0129B /* WorstCalcTests.swift */,
				D0C0C92C23593FA300B0129B /* Info.plist */,
			);
			path = WorstCalcTests;
			sourceTree = "<group>";
		};
		D0C0C93423593FA300B0129B /* WorstCalcUITests */ = {
			isa = PBXGroup;
			children = (
				D0C0C93523593FA300B0129B /* WorstCalcUITests.swift */,
				D0C0C93723593FA300B0129B /* Info.plist */,
			);
			path = WorstCalcUITests;
			sourceTree = "<group>";
		};
/* End PBXGroup section */

/* Begin PBXNativeTarget section */
		D0C0C90F23593FA200B0129B /* WorstCalc */ = {
			isa = PBXNativeTarget;
			buildConfigurationList = D0C0C93A23593FA300B0129B /* Build configuration list for PBXNativeTarget "WorstCalc" */;
			buildPhases = (
				D0C0C90C23593FA200B0129B /* Sources */,
				D0C0C90D23593FA200B0129B /* Frameworks */,
				D0C0C90E23593FA200B0129B /* Resources */,
			);
			buildRules = (
			);
			dependencies = (
			);
			name = WorstCalc;
			productName = WorstCalc;
			productReference = D0C0C91023593FA200B0129B /* WorstCalc.app */;
			productType = "com.apple.product-type.application";
		};
		D0C0C92523593FA300B0129B /* WorstCalcTests */ = {
			isa = PBXNativeTarget;
			buildConfigurationList = D0C0C93D23593FA300B0129B /* Build configuration list for PBXNativeTarget "WorstCalcTests" */;
			buildPhases = (
				D0C0C92223593FA300B0129B /* Sources */,
				D0C0C92323593FA300B0129B /* Frameworks */,
				D0C0C92423593FA300B0129B /* Resources */,
			);
			buildRules = (
			);
			dependencies = (
				D0C0C92823593FA300B0129B /* PBXTargetDependency */,
			);
			name = WorstCalcTests;
			productName = WorstCalcTests;
			productReference = D0C0C92623593FA300B0129B /* WorstCalcTests.xctest */;
			productType = "com.apple.product-type.bundle.unit-test";
		};
		D0C0C93023593FA300B0129B /* WorstCalcUITests */ = {
			isa = PBXNativeTarget;
			buildConfigurationList = D0C0C94023593FA300B0129B /* Build configuration list for PBXNativeTarget "WorstCalcUITests" */;
			buildPhases = (
				D0C0C92D23593FA300B0129B /* Sources */,
				D0C0C92E23593FA300B0129B /* Frameworks */,
				D0C0C92F23593FA300B0129B /* Resources */,
			);
			buildRules = (
			);
			dependencies = (
				D0C0C93323593FA300B0129B /* PBXTargetDependency */,
			);
			name = WorstCalcUITests;
			productName = WorstCalcUITests;
			productReference = D0C0C93123593FA300B0129B /* WorstCalcUITests.xctest */;
			productType = "com.apple.product-type.bundle.ui-testing";
		};
/* End PBXNativeTarget section */

/* Begin PBXProject section */
		D0C0C90823593FA200B0129B /* Project object */ = {
			isa = PBXProject;
			attributes = {
				LastSwiftUpdateCheck = 1110;
				LastUpgradeCheck = 1110;
				ORGANIZATIONNAME = "Niosh User";
				TargetAttributes = {
					D0C0C90F23593FA200B0129B = {
						CreatedOnToolsVersion = 11.1;
					};
					D0C0C92523593FA300B0129B = {
						CreatedOnToolsVersion = 11.1;
						TestTargetID = D0C0C90F23593FA200B0129B;
					};
					D0C0C93023593FA300B0129B = {
						CreatedOnToolsVersion = 11.1;
						TestTargetID = D0C0C90F23593FA200B0129B;
					};
				};
			};
			buildConfigurationList = D0C0C90B23593FA200B0129B /* Build configuration list for PBXProject "WorstCalc" */;
			compatibilityVersion = "Xcode 9.3";
			developmentRegion = en;
			hasScannedForEncodings = 0;
			knownRegions = (
				en,
				Base,
			);
			mainGroup = D0C0C90723593FA200B0129B;
			productRefGroup = D0C0C91123593FA200B0129B /* Products */;
			projectDirPath = "";
			projectRoot = "";
			targets = (
				D0C0C90F23593FA200B0129B /* WorstCalc */,
				D0C0C92523593FA300B0129B /* WorstCalcTests */,
				D0C0C93023593FA300B0129B /* WorstCalcUITests */,
			);
		};
/* End PBXProject section */

/* Begin PBXResourcesBuildPhase section */
		D0C0C90E23593FA200B0129B /* Resources */ = {
			isa = PBXResourcesBuildPhase;
			buildActionMask = 2147483647;
			files = (
				D0C0C92023593FA300B0129B /* LaunchScreen.storyboard in Resources */,
				D0C0C91D23593FA300B0129B /* Assets.xcassets in Resources */,
				D0C0C91B23593FA200B0129B /* Main.storyboard in Resources */,
			);
			runOnlyForDeploymentPostprocessing = 0;
		};
		D0C0C92423593FA300B0129B /* Resources */ = {
			isa = PBXResourcesBuildPhase;
			buildActionMask = 2147483647;
			files = (
			);
			runOnlyForDeploymentPostprocessing = 0;
		};
		D0C0C92F23593FA300B0129B /* Resources */ = {
			isa = PBXResourcesBuildPhase;
			buildActionMask = 2147483647;
			files = (
			);
			runOnlyForDeploymentPostprocessing = 0;
		};
/* End PBXResourcesBuildPhase section */

/* Begin PBXSourcesBuildPhase section */
		D0C0C90C23593FA200B0129B /* Sources */ = {
			isa = PBXSourcesBuildPhase;
			buildActionMask = 2147483647;
			files = (
				D0C0C91823593FA200B0129B /* ViewController.swift in Sources */,
				D0C0C91423593FA200B0129B /* AppDelegate.swift in Sources */,
				D0C0C91623593FA200B0129B /* SceneDelegate.swift in Sources */,
			);
			runOnlyForDeploymentPostprocessing = 0;
		};
		D0C0C92223593FA300B0129B /* Sources */ = {
			isa = PBXSourcesBuildPhase;
			buildActionMask = 2147483647;
			files = (
				D0C0C92B23593FA300B0129B /* WorstCalcTests.swift in Sources */,
			);
			runOnlyForDeploymentPostprocessing = 0;
		};
		D0C0C92D23593FA300B0129B /* Sources */ = {
			isa = PBXSourcesBuildPhase;
			buildActionMask = 2147483647;
			files = (
				D0C0C93623593FA300B0129B /* WorstCalcUITests.swift in Sources */,
			);
			runOnlyForDeploymentPostprocessing = 0;
		};
/* End PBXSourcesBuildPhase section */

/* Begin PBXTargetDependency section */
		D0C0C92823593FA300B0129B /* PBXTargetDependency */ = {
			isa = PBXTargetDependency;
			target = D0C0C90F23593FA200B0129B /* WorstCalc */;
			targetProxy = D0C0C92723593FA300B0129B /* PBXContainerItemProxy */;
		};
		D0C0C93323593FA300B0129B /* PBXTargetDependency */ = {
			isa = PBXTargetDependency;
			target = D0C0C90F23593FA200B0129B /* WorstCalc */;
			targetProxy = D0C0C93223593FA300B0129B /* PBXContainerItemProxy */;
		};
/* End PBXTargetDependency section */

/* Begin PBXVariantGroup section */
		D0C0C91923593FA200B0129B /* Main.storyboard */ = {
			isa = PBXVariantGroup;
			children = (
				D0C0C91A23593FA200B0129B /* Base */,
			);
			name = Main.storyboard;
			sourceTree = "<group>";
		};
		D0C0C91E23593FA300B0129B /* LaunchScreen.storyboard */ = {
			isa = PBXVariantGroup;
			children = (
				D0C0C91F23593FA300B0129B /* Base */,
			);
			name = LaunchScreen.storyboard;
			sourceTree = "<group>";
		};
/* End PBXVariantGroup section */

/* Begin XCBuildConfiguration section */
		D0C0C93823593FA300B0129B /* Debug */ = {
			isa = XCBuildConfiguration;
			buildSettings = {
				ALWAYS_SEARCH_USER_PATHS = NO;
				CLANG_ANALYZER_NONNULL = YES;
				CLANG_ANALYZER_NUMBER_OBJECT_CONVERSION = YES_AGGRESSIVE;
				CLANG_CXX_LANGUAGE_STANDARD = "gnu++14";
				CLANG_CXX_LIBRARY = "libc++";
				CLANG_ENABLE_MODULES = YES;
				CLANG_ENABLE_OBJC_ARC = YES;
				CLANG_ENABLE_OBJC_WEAK = YES;
				CLANG_WARN_BLOCK_CAPTURE_AUTORELEASING = YES;
				CLANG_WARN_BOOL_CONVERSION = YES;
				CLANG_WARN_COMMA = YES;
				CLANG_WARN_CONSTANT_CONVERSION = YES;
				CLANG_WARN_DEPRECATED_OBJC_IMPLEMENTATIONS = YES;
				CLANG_WARN_DIRECT_OBJC_ISA_USAGE = YES_ERROR;
				CLANG_WARN_DOCUMENTATION_COMMENTS = YES;
				CLANG_WARN_EMPTY_BODY = YES;
				CLANG_WARN_ENUM_CONVERSION = YES;
				CLANG_WARN_INFINITE_RECURSION = YES;
				CLANG_WARN_INT_CONVERSION = YES;
				CLANG_WARN_NON_LITERAL_NULL_CONVERSION = YES;
				CLANG_WARN_OBJC_IMPLICIT_RETAIN_SELF = YES;
				CLANG_WARN_OBJC_LITERAL_CONVERSION = YES;
				CLANG_WARN_OBJC_ROOT_CLASS = YES_ERROR;
				CLANG_WARN_RANGE_LOOP_ANALYSIS = YES;
				CLANG_WARN_STRICT_PROTOTYPES = YES;
				CLANG_WARN_SUSPICIOUS_MOVE = YES;
				CLANG_WARN_UNGUARDED_AVAILABILITY = YES_AGGRESSIVE;
				CLANG_WARN_UNREACHABLE_CODE = YES;
				CLANG_WARN__DUPLICATE_METHOD_MATCH = YES;
				COPY_PHASE_STRIP = NO;
				DEBUG_INFORMATION_FORMAT = dwarf;
				ENABLE_STRICT_OBJC_MSGSEND = YES;
				ENABLE_TESTABILITY = YES;
				GCC_C_LANGUAGE_STANDARD = gnu11;
				GCC_DYNAMIC_NO_PIC = NO;
				GCC_NO_COMMON_BLOCKS = YES;
				GCC_OPTIMIZATION_LEVEL = 0;
				GCC_PREPROCESSOR_DEFINITIONS = (
					"DEBUG=1",
					"$(inherited)",
				);
				GCC_WARN_64_TO_32_BIT_CONVERSION = YES;
				GCC_WARN_ABOUT_RETURN_TYPE = YES_ERROR;
				GCC_WARN_UNDECLARED_SELECTOR = YES;
				GCC_WARN_UNINITIALIZED_AUTOS = YES_AGGRESSIVE;
				GCC_WARN_UNUSED_FUNCTION = YES;
				GCC_WARN_UNUSED_VARIABLE = YES;
				IPHONEOS_DEPLOYMENT_TARGET = 13.1;
				MTL_ENABLE_DEBUG_INFO = INCLUDE_SOURCE;
				MTL_FAST_MATH = YES;
				ONLY_ACTIVE_ARCH = YES;
				SDKROOT = iphoneos;
				SWIFT_ACTIVE_COMPILATION_CONDITIONS = DEBUG;
				SWIFT_OPTIMIZATION_LEVEL = "-Onone";
			};
			name = Debug;
		};
		D0C0C93923593FA300B0129B /* Release */ = {
			isa = XCBuildConfiguration;
			buildSettings = {
				ALWAYS_SEARCH_USER_PATHS = NO;
				CLANG_ANALYZER_NONNULL = YES;
				CLANG_ANALYZER_NUMBER_OBJECT_CONVERSION = YES_AGGRESSIVE;
				CLANG_CXX_LANGUAGE_STANDARD = "gnu++14";
				CLANG_CXX_LIBRARY = "libc++";
				CLANG_ENABLE_MODULES = YES;
				CLANG_ENABLE_OBJC_ARC = YES;
				CLANG_ENABLE_OBJC_WEAK = YES;
				CLANG_WARN_BLOCK_CAPTURE_AUTORELEASING = YES;
				CLANG_WARN_BOOL_CONVERSION = YES;
				CLANG_WARN_COMMA = YES;
				CLANG_WARN_CONSTANT_CONVERSION = YES;
				CLANG_WARN_DEPRECATED_OBJC_IMPLEMENTATIONS = YES;
				CLANG_WARN_DIRECT_OBJC_ISA_USAGE = YES_ERROR;
				CLANG_WARN_DOCUMENTATION_COMMENTS = YES;
				CLANG_WARN_EMPTY_BODY = YES;
				CLANG_WARN_ENUM_CONVERSION = YES;
				CLANG_WARN_INFINITE_RECURSION = YES;
				CLANG_WARN_INT_CONVERSION = YES;
				CLANG_WARN_NON_LITERAL_NULL_CONVERSION = YES;
				CLANG_WARN_OBJC_IMPLICIT_RETAIN_SELF = YES;
				CLANG_WARN_OBJC_LITERAL_CONVERSION = YES;
				CLANG_WARN_OBJC_ROOT_CLASS = YES_ERROR;
				CLANG_WARN_RANGE_LOOP_ANALYSIS = YES;
				CLANG_WARN_STRICT_PROTOTYPES = YES;
				CLANG_WARN_SUSPICIOUS_MOVE = YES;
				CLANG_WARN_UNGUARDED_AVAILABILITY = YES_AGGRESSIVE;
				CLANG_WARN_UNREACHABLE_CODE = YES;
				CLANG_WARN__DUPLICATE_METHOD_MATCH = YES;
				COPY_PHASE_STRIP = NO;
				DEBUG_INFORMATION_FORMAT = "dwarf-with-dsym";
				ENABLE_NS_ASSERTIONS = NO;
				ENABLE_STRICT_OBJC_MSGSEND = YES;
				GCC_C_LANGUAGE_STANDARD = gnu11;
				GCC_NO_COMMON_BLOCKS = YES;
				GCC_WARN_64_TO_32_BIT_CONVERSION = YES;
				GCC_WARN_ABOUT_RETURN_TYPE = YES_ERROR;
				GCC_WARN_UNDECLARED_SELECTOR = YES;
				GCC_WARN_UNINITIALIZED_AUTOS = YES_AGGRESSIVE;
				GCC_WARN_UNUSED_FUNCTION = YES;
				GCC_WARN_UNUSED_VARIABLE = YES;
				IPHONEOS_DEPLOYMENT_TARGET = 13.1;
				MTL_ENABLE_DEBUG_INFO = NO;
				MTL_FAST_MATH = YES;
				SDKROOT = iphoneos;
				SWIFT_COMPILATION_MODE = wholemodule;
				SWIFT_OPTIMIZATION_LEVEL = "-O";
				VALIDATE_PRODUCT = YES;
			};
			name = Release;
		};
		D0C0C93B23593FA300B0129B /* Debug */ = {
			isa = XCBuildConfiguration;
			buildSettings = {
				ASSETCATALOG_COMPILER_APPICON_NAME = AppIcon;
				CODE_SIGN_STYLE = Automatic;
				DEVELOPMENT_TEAM = DJ6RTH942F;
				INFOPLIST_FILE = WorstCalc/Info.plist;
				LD_RUNPATH_SEARCH_PATHS = (
					"$(inherited)",
					"@executable_path/Frameworks",
				);
				PRODUCT_BUNDLE_IDENTIFIER = gov.cdc.niosh.WorstCalc;
				PRODUCT_NAME = "$(TARGET_NAME)";
				SWIFT_VERSION = 5.0;
				TARGETED_DEVICE_FAMILY = "1,2";
			};
			name = Debug;
		};
		D0C0C93C23593FA300B0129B /* Release */ = {
			isa = XCBuildConfiguration;
			buildSettings = {
				ASSETCATALOG_COMPILER_APPICON_NAME = AppIcon;
				CODE_SIGN_STYLE = Automatic;
				DEVELOPMENT_TEAM = DJ6RTH942F;
				INFOPLIST_FILE = WorstCalc/Info.plist;
				LD_RUNPATH_SEARCH_PATHS = (
					"$(inherited)",
					"@executable_path/Frameworks",
				);
				PRODUCT_BUNDLE_IDENTIFIER = gov.cdc.niosh.WorstCalc;
				PRODUCT_NAME = "$(TARGET_NAME)";
				SWIFT_VERSION = 5.0;
				TARGETED_DEVICE_FAMILY = "1,2";
			};
			name = Release;
		};
		D0C0C93E23593FA300B0129B /* Debug */ = {
			isa = XCBuildConfiguration;
			buildSettings = {
				ALWAYS_EMBED_SWIFT_STANDARD_LIBRARIES = YES;
				BUNDLE_LOADER = "$(TEST_HOST)";
				CODE_SIGN_STYLE = Automatic;
				DEVELOPMENT_TEAM = DJ6RTH942F;
				INFOPLIST_FILE = WorstCalcTests/Info.plist;
				IPHONEOS_DEPLOYMENT_TARGET = 13.1;
				LD_RUNPATH_SEARCH_PATHS = (
					"$(inherited)",
					"@executable_path/Frameworks",
					"@loader_path/Frameworks",
				);
				PRODUCT_BUNDLE_IDENTIFIER = gov.cdc.niosh.WorstCalcTests;
				PRODUCT_NAME = "$(TARGET_NAME)";
				SWIFT_VERSION = 5.0;
				TARGETED_DEVICE_FAMILY = "1,2";
				TEST_HOST = "$(BUILT_PRODUCTS_DIR)/WorstCalc.app/WorstCalc";
			};
			name = Debug;
		};
		D0C0C93F23593FA300B0129B /* Release */ = {
			isa = XCBuildConfiguration;
			buildSettings = {
				ALWAYS_EMBED_SWIFT_STANDARD_LIBRARIES = YES;
				BUNDLE_LOADER = "$(TEST_HOST)";
				CODE_SIGN_STYLE = Automatic;
				DEVELOPMENT_TEAM = DJ6RTH942F;
				INFOPLIST_FILE = WorstCalcTests/Info.plist;
				IPHONEOS_DEPLOYMENT_TARGET = 13.1;
				LD_RUNPATH_SEARCH_PATHS = (
					"$(inherited)",
					"@executable_path/Frameworks",
					"@loader_path/Frameworks",
				);
				PRODUCT_BUNDLE_IDENTIFIER = gov.cdc.niosh.WorstCalcTests;
				PRODUCT_NAME = "$(TARGET_NAME)";
				SWIFT_VERSION = 5.0;
				TARGETED_DEVICE_FAMILY = "1,2";
				TEST_HOST = "$(BUILT_PRODUCTS_DIR)/WorstCalc.app/WorstCalc";
			};
			name = Release;
		};
		D0C0C94123593FA300B0129B /* Debug */ = {
			isa = XCBuildConfiguration;
			buildSettings = {
				ALWAYS_EMBED_SWIFT_STANDARD_LIBRARIES = YES;
				CODE_SIGN_STYLE = Automatic;
				DEVELOPMENT_TEAM = DJ6RTH942F;
				INFOPLIST_FILE = WorstCalcUITests/Info.plist;
				LD_RUNPATH_SEARCH_PATHS = (
					"$(inherited)",
					"@executable_path/Frameworks",
					"@loader_path/Frameworks",
				);
				PRODUCT_BUNDLE_IDENTIFIER = gov.cdc.niosh.WorstCalcUITests;
				PRODUCT_NAME = "$(TARGET_NAME)";
				SWIFT_VERSION = 5.0;
				TARGETED_DEVICE_FAMILY = "1,2";
				TEST_TARGET_NAME = WorstCalc;
			};
			name = Debug;
		};
		D0C0C94223593FA300B0129B /* Release */ = {
			isa = XCBuildConfiguration;
			buildSettings = {
				ALWAYS_EMBED_SWIFT_STANDARD_LIBRARIES = YES;
				CODE_SIGN_STYLE = Automatic;
				DEVELOPMENT_TEAM = DJ6RTH942F;
				INFOPLIST_FILE = WorstCalcUITests/Info.plist;
				LD_RUNPATH_SEARCH_PATHS = (
					"$(inherited)",
					"@executable_path/Frameworks",
					"@loader_path/Frameworks",
				);
				PRODUCT_BUNDLE_IDENTIFIER = gov.cdc.niosh.WorstCalcUITests;
				PRODUCT_NAME = "$(TARGET_NAME)";
				SWIFT_VERSION = 5.0;
				TARGETED_DEVICE_FAMILY = "1,2";
				TEST_TARGET_NAME = WorstCalc;
			};
			name = Release;
		};
/* End XCBuildConfiguration section */

/* Begin XCConfigurationList section */
		D0C0C90B23593FA200B0129B /* Build configuration list for PBXProject "WorstCalc" */ = {
			isa = XCConfigurationList;
			buildConfigurations = (
				D0C0C93823593FA300B0129B /* Debug */,
				D0C0C93923593FA300B0129B /* Release */,
			);
			defaultConfigurationIsVisible = 0;
			defaultConfigurationName = Release;
		};
		D0C0C93A23593FA300B0129B /* Build configuration list for PBXNativeTarget "WorstCalc" */ = {
			isa = XCConfigurationList;
			buildConfigurations = (
				D0C0C93B23593FA300B0129B /* Debug */,
				D0C0C93C23593FA300B0129B /* Release */,
			);
			defaultConfigurationIsVisible = 0;
			defaultConfigurationName = Release;
		};
		D0C0C93D23593FA300B0129B /* Build configuration list for PBXNativeTarget "WorstCalcTests" */ = {
			isa = XCConfigurationList;
			buildConfigurations = (
				D0C0C93E23593FA300B0129B /* Debug */,
				D0C0C93F23593FA300B0129B /* Release */,
			);
			defaultConfigurationIsVisible = 0;
			defaultConfigurationName = Release;
		};
		D0C0C94023593FA300B0129B /* Build configuration list for PBXNativeTarget "WorstCalcUITests" */ = {
			isa = XCConfigurationList;
			buildConfigurations = (
				D0C0C94123593FA300B0129B /* Debug */,
				D0C0C94223593FA300B0129B /* Release */,
			);
			defaultConfigurationIsVisible = 0;
			defaultConfigurationName = Release;
		};
/* End XCConfigurationList section */
	};
	rootObject = D0C0C90823593FA200B0129B /* Project object */;
}
